
Microsoft Visual Studio Solution File, Format Version 12.00
# Visual Studio Version 17
VisualStudioVersion = 17.3.32929.385
MinimumVisualStudioVersion = 10.0.40219.1
Project("{FAE04EC0-301F-11D3-BF4B-00C04F79EFBC}") = "WebApplication2", "WebApplication2\WebApplication2.csproj", "{B3A410F6-5B06-4C5F-A949-62DAA20259B6}"
EndProject
Global
	GlobalSection(SolutionConfigurationPlatforms) = preSolution
		Debug|Any CPU = Debug|Any CPU
		Release|Any CPU = Release|Any CPU
	EndGlobalSection
	GlobalSection(ProjectConfigurationPlatforms) = postSolution
		{B3A410F6-5B06-4C5F-A949-62DAA20259B6}.Debug|Any CPU.ActiveCfg = Debug|Any CPU
		{B3A410F6-5B06-4C5F-A949-62DAA20259B6}.Debug|Any CPU.Build.0 = Debug|Any CPU
		{B3A410F6-5B06-4C5F-A949-62DAA20259B6}.Release|Any CPU.ActiveCfg = Release|Any CPU
		{B3A410F6-5B06-4C5F-A949-62DAA20259B6}.Release|Any CPU.Build.0 = Release|Any CPU
	EndGlobalSection
	GlobalSection(SolutionProperties) = preSolution
		HideSolutionNode = FALSE
	EndGlobalSection
	GlobalSection(ExtensibilityGlobals) = postSolution
		SolutionGuid = {33D33EA4-133C-4806-8D71-5A5EF69FF44F}
	EndGlobalSection
EndGlobal
